
Microsoft Visual Studio Solution File, Format Version 12.00
# Visual Studio 15
VisualStudioVersion = 15.0.26730.12
MinimumVisualStudioVersion = 10.0.40219.1
Project("{FAE04EC0-301F-11D3-BF4B-00C04F79EFBC}") = "ConsoleApAccesSpecifiers", "ConsoleApAccesSpecifiers\ConsoleApAccesSpecifiers.csproj", "{9F0735DD-80C4-4E5F-98A0-6DE2C518630F}"
EndProject
Global
	GlobalSection(SolutionConfigurationPlatforms) = preSolution
		Debug|Any CPU = Debug|Any CPU
		Release|Any CPU = Release|Any CPU
	EndGlobalSection
	GlobalSection(ProjectConfigurationPlatforms) = postSolution
		{9F0735DD-80C4-4E5F-98A0-6DE2C518630F}.Debug|Any CPU.ActiveCfg = Debug|Any CPU
		{9F0735DD-80C4-4E5F-98A0-6DE2C518630F}.Debug|Any CPU.Build.0 = Debug|Any CPU
		{9F0735DD-80C4-4E5F-98A0-6DE2C518630F}.Release|Any CPU.ActiveCfg = Release|Any CPU
		{9F0735DD-80C4-4E5F-98A0-6DE2C518630F}.Release|Any CPU.Build.0 = Release|Any CPU
	EndGlobalSection
	GlobalSection(SolutionProperties) = preSolution
		HideSolutionNode = FALSE
	EndGlobalSection
	GlobalSection(ExtensibilityGlobals) = postSolution
		SolutionGuid = {ACB573AA-135B-4BDE-9FF4-3BB92BBA9815}
	EndGlobalSection
EndGlobal
